
Microsoft Visual Studio Solution File, Format Version 12.00
# Visual Studio Version 16
VisualStudioVersion = 16.0.30406.217
MinimumVisualStudioVersion = 10.0.40219.1
Project("{FAE04EC0-301F-11D3-BF4B-00C04F79EFBC}") = "eGame", "eGame\eGame.csproj", "{2EE60637-E26E-406A-8CDE-08550ACCD5DE}"
EndProject
Project("{FAE04EC0-301F-11D3-BF4B-00C04F79EFBC}") = "eGameLibrary", "eGameLibrary\eGameLibrary.csproj", "{16420022-9B3A-44BF-9D3B-C6C50FD52661}"
EndProject
Global
	GlobalSection(SolutionConfigurationPlatforms) = preSolution
		Debug|Any CPU = Debug|Any CPU
		Release|Any CPU = Release|Any CPU
	EndGlobalSection
	GlobalSection(ProjectConfigurationPlatforms) = postSolution
		{2EE60637-E26E-406A-8CDE-08550ACCD5DE}.Debug|Any CPU.ActiveCfg = Debug|Any CPU
		{2EE60637-E26E-406A-8CDE-08550ACCD5DE}.Debug|Any CPU.Build.0 = Debug|Any CPU
		{2EE60637-E26E-406A-8CDE-08550ACCD5DE}.Release|Any CPU.ActiveCfg = Release|Any CPU
		{2EE60637-E26E-406A-8CDE-08550ACCD5DE}.Release|Any CPU.Build.0 = Release|Any CPU
		{16420022-9B3A-44BF-9D3B-C6C50FD52661}.Debug|Any CPU.ActiveCfg = Debug|Any CPU
		{16420022-9B3A-44BF-9D3B-C6C50FD52661}.Debug|Any CPU.Build.0 = Debug|Any CPU
		{16420022-9B3A-44BF-9D3B-C6C50FD52661}.Release|Any CPU.ActiveCfg = Release|Any CPU
		{16420022-9B3A-44BF-9D3B-C6C50FD52661}.Release|Any CPU.Build.0 = Release|Any CPU
	EndGlobalSection
	GlobalSection(SolutionProperties) = preSolution
		HideSolutionNode = FALSE
	EndGlobalSection
	GlobalSection(ExtensibilityGlobals) = postSolution
		SolutionGuid = {1C398404-D44C-4FD4-B3A3-9EEDA4286972}
	EndGlobalSection
EndGlobal
